
Microsoft Visual Studio Solution File, Format Version 12.00
# Visual Studio 15
VisualStudioVersion = 15.0.28307.539
MinimumVisualStudioVersion = 10.0.40219.1
Project("{FAE04EC0-301F-11D3-BF4B-00C04F79EFBC}") = "DeferredLightingAndroid", "DeferredLightningAndroid\DeferredLightingAndroid.csproj", "{477E8705-B29C-4AF3-8B1A-B15646EEA4DA}"
EndProject
Project("{FAE04EC0-301F-11D3-BF4B-00C04F79EFBC}") = "DeferredLightningUwp", "DeferredLightningUwp\DeferredLightningUwp.csproj", "{43CC7E32-6C65-4075-A580-824D95727057}"
EndProject
Global
	GlobalSection(SolutionConfigurationPlatforms) = preSolution
		Debug|Any CPU = Debug|Any CPU
		Debug|ARM = Debug|ARM
		Debug|x64 = Debug|x64
		Debug|x86 = Debug|x86
		Release|Any CPU = Release|Any CPU
		Release|ARM = Release|ARM
		Release|x64 = Release|x64
		Release|x86 = Release|x86
	EndGlobalSection
	GlobalSection(ProjectConfigurationPlatforms) = postSolution
		{477E8705-B29C-4AF3-8B1A-B15646EEA4DA}.Debug|Any CPU.ActiveCfg = Debug|Any CPU
		{477E8705-B29C-4AF3-8B1A-B15646EEA4DA}.Debug|Any CPU.Build.0 = Debug|Any CPU
		{477E8705-B29C-4AF3-8B1A-B15646EEA4DA}.Debug|Any CPU.Deploy.0 = Debug|Any CPU
		{477E8705-B29C-4AF3-8B1A-B15646EEA4DA}.Debug|ARM.ActiveCfg = Debug|Any CPU
		{477E8705-B29C-4AF3-8B1A-B15646EEA4DA}.Debug|ARM.Build.0 = Debug|Any CPU
		{477E8705-B29C-4AF3-8B1A-B15646EEA4DA}.Debug|ARM.Deploy.0 = Debug|Any CPU
		{477E8705-B29C-4AF3-8B1A-B15646EEA4DA}.Debug|x64.ActiveCfg = Debug|Any CPU
		{477E8705-B29C-4AF3-8B1A-B15646EEA4DA}.Debug|x64.Build.0 = Debug|Any CPU
		{477E8705-B29C-4AF3-8B1A-B15646EEA4DA}.Debug|x64.Deploy.0 = Debug|Any CPU
		{477E8705-B29C-4AF3-8B1A-B15646EEA4DA}.Debug|x86.ActiveCfg = Debug|Any CPU
		{477E8705-B29C-4AF3-8B1A-B15646EEA4DA}.Debug|x86.Build.0 = Debug|Any CPU
		{477E8705-B29C-4AF3-8B1A-B15646EEA4DA}.Debug|x86.Deploy.0 = Debug|Any CPU
		{477E8705-B29C-4AF3-8B1A-B15646EEA4DA}.Release|Any CPU.ActiveCfg = Release|Any CPU
		{477E8705-B29C-4AF3-8B1A-B15646EEA4DA}.Release|Any CPU.Build.0 = Release|Any CPU
		{477E8705-B29C-4AF3-8B1A-B15646EEA4DA}.Release|Any CPU.Deploy.0 = Release|Any CPU
		{477E8705-B29C-4AF3-8B1A-B15646EEA4DA}.Release|ARM.ActiveCfg = Release|Any CPU
		{477E8705-B29C-4AF3-8B1A-B15646EEA4DA}.Release|ARM.Build.0 = Release|Any CPU
		{477E8705-B29C-4AF3-8B1A-B15646EEA4DA}.Release|ARM.Deploy.0 = Release|Any CPU
		{477E8705-B29C-4AF3-8B1A-B15646EEA4DA}.Release|x64.ActiveCfg = Release|Any CPU
		{477E8705-B29C-4AF3-8B1A-B15646EEA4DA}.Release|x64.Build.0 = Release|Any CPU
		{477E8705-B29C-4AF3-8B1A-B15646EEA4DA}.Release|x64.Deploy.0 = Release|Any CPU
		{477E8705-B29C-4AF3-8B1A-B15646EEA4DA}.Release|x86.ActiveCfg = Release|Any CPU
		{477E8705-B29C-4AF3-8B1A-B15646EEA4DA}.Release|x86.Build.0 = Release|Any CPU
		{477E8705-B29C-4AF3-8B1A-B15646EEA4DA}.Release|x86.Deploy.0 = Release|Any CPU
		{43CC7E32-6C65-4075-A580-824D95727057}.Debug|Any CPU.ActiveCfg = Debug|x86
		{43CC7E32-6C65-4075-A580-824D95727057}.Debug|ARM.ActiveCfg = Debug|ARM
		{43CC7E32-6C65-4075-A580-824D95727057}.Debug|ARM.Build.0 = Debug|ARM
		{43CC7E32-6C65-4075-A580-824D95727057}.Debug|ARM.Deploy.0 = Debug|ARM
		{43CC7E32-6C65-4075-A580-824D95727057}.Debug|x64.ActiveCfg = Debug|x64
		{43CC7E32-6C65-4075-A580-824D95727057}.Debug|x64.Build.0 = Debug|x64
		{43CC7E32-6C65-4075-A580-824D95727057}.Debug|x64.Deploy.0 = Debug|x64
		{43CC7E32-6C65-4075-A580-824D95727057}.Debug|x86.ActiveCfg = Debug|x86
		{43CC7E32-6C65-4075-A580-824D95727057}.Debug|x86.Build.0 = Debug|x86
		{43CC7E32-6C65-4075-A580-824D95727057}.Debug|x86.Deploy.0 = Debug|x86
		{43CC7E32-6C65-4075-A580-824D95727057}.Release|Any CPU.ActiveCfg = Release|x86
		{43CC7E32-6C65-4075-A580-824D95727057}.Release|ARM.ActiveCfg = Release|ARM
		{43CC7E32-6C65-4075-A580-824D95727057}.Release|ARM.Build.0 = Release|ARM
		{43CC7E32-6C65-4075-A580-824D95727057}.Release|ARM.Deploy.0 = Release|ARM
		{43CC7E32-6C65-4075-A580-824D95727057}.Release|x64.ActiveCfg = Release|x64
		{43CC7E32-6C65-4075-A580-824D95727057}.Release|x64.Build.0 = Release|x64
		{43CC7E32-6C65-4075-A580-824D95727057}.Release|x64.Deploy.0 = Release|x64
		{43CC7E32-6C65-4075-A580-824D95727057}.Release|x86.ActiveCfg = Release|x86
		{43CC7E32-6C65-4075-A580-824D95727057}.Release|x86.Build.0 = Release|x86
		{43CC7E32-6C65-4075-A580-824D95727057}.Release|x86.Deploy.0 = Release|x86
	EndGlobalSection
	GlobalSection(SolutionProperties) = preSolution
		HideSolutionNode = FALSE
	EndGlobalSection
	GlobalSection(ExtensibilityGlobals) = postSolution
		SolutionGuid = {964BE6DB-9FB8-4D72-8EF5-89F85CB92A26}
	EndGlobalSection
EndGlobal
